
Microsoft Visual Studio Solution File, Format Version 12.00
# Visual Studio 15
VisualStudioVersion = 15.0.27703.2042
MinimumVisualStudioVersion = 10.0.40219.1
Project("{FAE04EC0-301F-11D3-BF4B-00C04F79EFBC}") = "Excalibur", "Excalibur\Excalibur.csproj", "{8BA5AA79-FB57-4835-8600-202678EAFB1D}"
EndProject
Project("{FAE04EC0-301F-11D3-BF4B-00C04F79EFBC}") = "Excalibur.Tests", "Excalibur.Tests\Excalibur.Tests.csproj", "{8B8E07A3-D663-4EA0-AB23-A3BEA49F960C}"
EndProject
Global
	GlobalSection(SolutionConfigurationPlatforms) = preSolution
		Debug|Any CPU = Debug|Any CPU
		Release|Any CPU = Release|Any CPU
	EndGlobalSection
	GlobalSection(ProjectConfigurationPlatforms) = postSolution
		{8BA5AA79-FB57-4835-8600-202678EAFB1D}.Debug|Any CPU.ActiveCfg = Debug|Any CPU
		{8BA5AA79-FB57-4835-8600-202678EAFB1D}.Debug|Any CPU.Build.0 = Debug|Any CPU
		{8BA5AA79-FB57-4835-8600-202678EAFB1D}.Release|Any CPU.ActiveCfg = Release|Any CPU
		{8BA5AA79-FB57-4835-8600-202678EAFB1D}.Release|Any CPU.Build.0 = Release|Any CPU
		{8B8E07A3-D663-4EA0-AB23-A3BEA49F960C}.Debug|Any CPU.ActiveCfg = Debug|Any CPU
		{8B8E07A3-D663-4EA0-AB23-A3BEA49F960C}.Debug|Any CPU.Build.0 = Debug|Any CPU
		{8B8E07A3-D663-4EA0-AB23-A3BEA49F960C}.Release|Any CPU.ActiveCfg = Release|Any CPU
		{8B8E07A3-D663-4EA0-AB23-A3BEA49F960C}.Release|Any CPU.Build.0 = Release|Any CPU
	EndGlobalSection
	GlobalSection(SolutionProperties) = preSolution
		HideSolutionNode = FALSE
	EndGlobalSection
	GlobalSection(ExtensibilityGlobals) = postSolution
		SolutionGuid = {F5D8B1AE-2152-4640-9C6C-4124405AC327}
	EndGlobalSection
EndGlobal
